
Microsoft Visual Studio Solution File, Format Version 12.00
# Visual Studio Version 16
VisualStudioVersion = 16.0.30717.126
MinimumVisualStudioVersion = 10.0.40219.1
Project("{FAE04EC0-301F-11D3-BF4B-00C04F79EFBC}") = "DemoAPITest", "DemoAPITest.csproj", "{A1BF928E-7449-4881-8149-4545F1340D2A}"
EndProject
Project("{FAE04EC0-301F-11D3-BF4B-00C04F79EFBC}") = "User.Test", "..\User.Test\User.Test.csproj", "{841461FB-39B4-41DA-96A9-7DCB10722BA2}"
EndProject
Global
	GlobalSection(SolutionConfigurationPlatforms) = preSolution
		Debug|Any CPU = Debug|Any CPU
		Release|Any CPU = Release|Any CPU
	EndGlobalSection
	GlobalSection(ProjectConfigurationPlatforms) = postSolution
		{A1BF928E-7449-4881-8149-4545F1340D2A}.Debug|Any CPU.ActiveCfg = Debug|Any CPU
		{A1BF928E-7449-4881-8149-4545F1340D2A}.Debug|Any CPU.Build.0 = Debug|Any CPU
		{A1BF928E-7449-4881-8149-4545F1340D2A}.Release|Any CPU.ActiveCfg = Release|Any CPU
		{A1BF928E-7449-4881-8149-4545F1340D2A}.Release|Any CPU.Build.0 = Release|Any CPU
		{841461FB-39B4-41DA-96A9-7DCB10722BA2}.Debug|Any CPU.ActiveCfg = Debug|Any CPU
		{841461FB-39B4-41DA-96A9-7DCB10722BA2}.Debug|Any CPU.Build.0 = Debug|Any CPU
		{841461FB-39B4-41DA-96A9-7DCB10722BA2}.Release|Any CPU.ActiveCfg = Release|Any CPU
		{841461FB-39B4-41DA-96A9-7DCB10722BA2}.Release|Any CPU.Build.0 = Release|Any CPU
	EndGlobalSection
	GlobalSection(SolutionProperties) = preSolution
		HideSolutionNode = FALSE
	EndGlobalSection
	GlobalSection(ExtensibilityGlobals) = postSolution
		SolutionGuid = {2E1B52B3-C0BD-477C-942A-95F238426463}
	EndGlobalSection
EndGlobal
